
Microsoft Visual Studio Solution File, Format Version 12.00
# Visual Studio Version 16
VisualStudioVersion = 25.0.1706.7
MinimumVisualStudioVersion = 10.0.40219.1
Project("{FAE04EC0-301F-11D3-BF4B-00C04F79EFBC}") = "SatelShop", "SatelShop\SatelShop.csproj", "{AD92EDF5-C77F-439F-9A78-1C71DDBE0A68}"
EndProject
Global
	GlobalSection(SolutionConfigurationPlatforms) = preSolution
		Debug|Any CPU = Debug|Any CPU
		Release|Any CPU = Release|Any CPU
	EndGlobalSection
	GlobalSection(ProjectConfigurationPlatforms) = postSolution
		{AD92EDF5-C77F-439F-9A78-1C71DDBE0A68}.Debug|Any CPU.ActiveCfg = Debug|Any CPU
		{AD92EDF5-C77F-439F-9A78-1C71DDBE0A68}.Debug|Any CPU.Build.0 = Debug|Any CPU
		{AD92EDF5-C77F-439F-9A78-1C71DDBE0A68}.Release|Any CPU.ActiveCfg = Release|Any CPU
		{AD92EDF5-C77F-439F-9A78-1C71DDBE0A68}.Release|Any CPU.Build.0 = Release|Any CPU
	EndGlobalSection
	GlobalSection(SolutionProperties) = preSolution
		HideSolutionNode = FALSE
	EndGlobalSection
	GlobalSection(ExtensibilityGlobals) = postSolution
		SolutionGuid = {88D85593-CA24-43F3-96FC-5E844886C95A}
	EndGlobalSection
EndGlobal
